
Microsoft Visual Studio Solution File, Format Version 12.00
# Visual Studio Version 17
VisualStudioVersion = 17.0.31717.71
MinimumVisualStudioVersion = 10.0.40219.1
Project("{9A19103F-16F7-4668-BE54-9A1E7A4F7556}") = "CompanyEmployees", "CompanyEmployees\CompanyEmployees.csproj", "{88C813E8-77AF-48EF-878A-845BCB65AF0B}"
EndProject
Project("{9A19103F-16F7-4668-BE54-9A1E7A4F7556}") = "Domain.Contracts", "Contracts\Domain.Contracts.csproj", "{34BE7923-06AC-40A4-8E55-4F8571BB30BE}"
EndProject
Project("{9A19103F-16F7-4668-BE54-9A1E7A4F7556}") = "LoggerService", "LoggerService\LoggerService.csproj", "{9E744DC7-776F-41E6-B13B-EEAB75961F89}"
EndProject
Project("{9A19103F-16F7-4668-BE54-9A1E7A4F7556}") = "Domain.Entities", "Entities\Domain.Entities.csproj", "{03EF2E28-DC94-4AA5-85E4-A41E0852D9FF}"
EndProject
Project("{2150E333-8FDC-42A3-9474-1A3956D46DE8}") = "Domain", "Domain", "{566545DE-C841-4A34-BCD2-7504DBFB2127}"
EndProject
Project("{2150E333-8FDC-42A3-9474-1A3956D46DE8}") = "Application", "Application", "{BC272A75-1868-4747-AA01-78F26436BFA3}"
EndProject
Project("{9A19103F-16F7-4668-BE54-9A1E7A4F7556}") = "Application.Service.Contracts", "Service.Contracts\Application.Service.Contracts.csproj", "{BC088CC8-06AE-4AD0-B29E-0F6BC0C8ACBA}"
EndProject
Project("{9A19103F-16F7-4668-BE54-9A1E7A4F7556}") = "Application.Service", "Application.Service\Application.Service.csproj", "{70070ACB-72DD-49D5-AD5D-519E5F09ACAB}"
EndProject
Project("{2150E333-8FDC-42A3-9474-1A3956D46DE8}") = "Presentation", "Presentation", "{B85B1B93-DE75-4E33-9B79-2F9514E2410F}"
EndProject
Project("{9A19103F-16F7-4668-BE54-9A1E7A4F7556}") = "Presentation.API", "Presentation.API\Presentation.API.csproj", "{E2725864-3C4C-4F49-8683-18333675B169}"
EndProject
Project("{2150E333-8FDC-42A3-9474-1A3956D46DE8}") = "Infrastructure", "Infrastructure", "{C3354C84-D220-4788-89A9-CFC2F719C225}"
EndProject
Project("{9A19103F-16F7-4668-BE54-9A1E7A4F7556}") = "Infrastructure.Repository", "Infrastructure.Repository\Infrastructure.Repository.csproj", "{77A8A76B-129D-47E4-BE15-7420623A886D}"
EndProject
Project("{2150E333-8FDC-42A3-9474-1A3956D46DE8}") = "Common", "Common", "{89409E2F-90F3-48B4-AB94-751583F3F162}"
EndProject
Project("{FAE04EC0-301F-11D3-BF4B-00C04F79EFBC}") = "Common.Shared", "Common.Shared\Common.Shared.csproj", "{5243D19E-ED5E-4E63-AA3F-C082E95FA11F}"
EndProject
Global
	GlobalSection(SolutionConfigurationPlatforms) = preSolution
		Debug|Any CPU = Debug|Any CPU
		Release|Any CPU = Release|Any CPU
	EndGlobalSection
	GlobalSection(ProjectConfigurationPlatforms) = postSolution
		{88C813E8-77AF-48EF-878A-845BCB65AF0B}.Debug|Any CPU.ActiveCfg = Debug|Any CPU
		{88C813E8-77AF-48EF-878A-845BCB65AF0B}.Debug|Any CPU.Build.0 = Debug|Any CPU
		{88C813E8-77AF-48EF-878A-845BCB65AF0B}.Release|Any CPU.ActiveCfg = Release|Any CPU
		{88C813E8-77AF-48EF-878A-845BCB65AF0B}.Release|Any CPU.Build.0 = Release|Any CPU
		{34BE7923-06AC-40A4-8E55-4F8571BB30BE}.Debug|Any CPU.ActiveCfg = Debug|Any CPU
		{34BE7923-06AC-40A4-8E55-4F8571BB30BE}.Debug|Any CPU.Build.0 = Debug|Any CPU
		{34BE7923-06AC-40A4-8E55-4F8571BB30BE}.Release|Any CPU.ActiveCfg = Release|Any CPU
		{34BE7923-06AC-40A4-8E55-4F8571BB30BE}.Release|Any CPU.Build.0 = Release|Any CPU
		{9E744DC7-776F-41E6-B13B-EEAB75961F89}.Debug|Any CPU.ActiveCfg = Debug|Any CPU
		{9E744DC7-776F-41E6-B13B-EEAB75961F89}.Debug|Any CPU.Build.0 = Debug|Any CPU
		{9E744DC7-776F-41E6-B13B-EEAB75961F89}.Release|Any CPU.ActiveCfg = Release|Any CPU
		{9E744DC7-776F-41E6-B13B-EEAB75961F89}.Release|Any CPU.Build.0 = Release|Any CPU
		{03EF2E28-DC94-4AA5-85E4-A41E0852D9FF}.Debug|Any CPU.ActiveCfg = Debug|Any CPU
		{03EF2E28-DC94-4AA5-85E4-A41E0852D9FF}.Debug|Any CPU.Build.0 = Debug|Any CPU
		{03EF2E28-DC94-4AA5-85E4-A41E0852D9FF}.Release|Any CPU.ActiveCfg = Release|Any CPU
		{03EF2E28-DC94-4AA5-85E4-A41E0852D9FF}.Release|Any CPU.Build.0 = Release|Any CPU
		{BC088CC8-06AE-4AD0-B29E-0F6BC0C8ACBA}.Debug|Any CPU.ActiveCfg = Debug|Any CPU
		{BC088CC8-06AE-4AD0-B29E-0F6BC0C8ACBA}.Debug|Any CPU.Build.0 = Debug|Any CPU
		{BC088CC8-06AE-4AD0-B29E-0F6BC0C8ACBA}.Release|Any CPU.ActiveCfg = Release|Any CPU
		{BC088CC8-06AE-4AD0-B29E-0F6BC0C8ACBA}.Release|Any CPU.Build.0 = Release|Any CPU
		{70070ACB-72DD-49D5-AD5D-519E5F09ACAB}.Debug|Any CPU.ActiveCfg = Debug|Any CPU
		{70070ACB-72DD-49D5-AD5D-519E5F09ACAB}.Debug|Any CPU.Build.0 = Debug|Any CPU
		{70070ACB-72DD-49D5-AD5D-519E5F09ACAB}.Release|Any CPU.ActiveCfg = Release|Any CPU
		{70070ACB-72DD-49D5-AD5D-519E5F09ACAB}.Release|Any CPU.Build.0 = Release|Any CPU
		{E2725864-3C4C-4F49-8683-18333675B169}.Debug|Any CPU.ActiveCfg = Debug|Any CPU
		{E2725864-3C4C-4F49-8683-18333675B169}.Debug|Any CPU.Build.0 = Debug|Any CPU
		{E2725864-3C4C-4F49-8683-18333675B169}.Release|Any CPU.ActiveCfg = Release|Any CPU
		{E2725864-3C4C-4F49-8683-18333675B169}.Release|Any CPU.Build.0 = Release|Any CPU
		{77A8A76B-129D-47E4-BE15-7420623A886D}.Debug|Any CPU.ActiveCfg = Debug|Any CPU
		{77A8A76B-129D-47E4-BE15-7420623A886D}.Debug|Any CPU.Build.0 = Debug|Any CPU
		{77A8A76B-129D-47E4-BE15-7420623A886D}.Release|Any CPU.ActiveCfg = Release|Any CPU
		{77A8A76B-129D-47E4-BE15-7420623A886D}.Release|Any CPU.Build.0 = Release|Any CPU
		{5243D19E-ED5E-4E63-AA3F-C082E95FA11F}.Debug|Any CPU.ActiveCfg = Debug|Any CPU
		{5243D19E-ED5E-4E63-AA3F-C082E95FA11F}.Debug|Any CPU.Build.0 = Debug|Any CPU
		{5243D19E-ED5E-4E63-AA3F-C082E95FA11F}.Release|Any CPU.ActiveCfg = Release|Any CPU
		{5243D19E-ED5E-4E63-AA3F-C082E95FA11F}.Release|Any CPU.Build.0 = Release|Any CPU
	EndGlobalSection
	GlobalSection(SolutionProperties) = preSolution
		HideSolutionNode = FALSE
	EndGlobalSection
	GlobalSection(NestedProjects) = preSolution
		{34BE7923-06AC-40A4-8E55-4F8571BB30BE} = {566545DE-C841-4A34-BCD2-7504DBFB2127}
		{03EF2E28-DC94-4AA5-85E4-A41E0852D9FF} = {566545DE-C841-4A34-BCD2-7504DBFB2127}
		{BC088CC8-06AE-4AD0-B29E-0F6BC0C8ACBA} = {BC272A75-1868-4747-AA01-78F26436BFA3}
		{70070ACB-72DD-49D5-AD5D-519E5F09ACAB} = {BC272A75-1868-4747-AA01-78F26436BFA3}
		{E2725864-3C4C-4F49-8683-18333675B169} = {B85B1B93-DE75-4E33-9B79-2F9514E2410F}
		{77A8A76B-129D-47E4-BE15-7420623A886D} = {C3354C84-D220-4788-89A9-CFC2F719C225}
		{5243D19E-ED5E-4E63-AA3F-C082E95FA11F} = {89409E2F-90F3-48B4-AB94-751583F3F162}
	EndGlobalSection
	GlobalSection(ExtensibilityGlobals) = postSolution
		SolutionGuid = {DE51EBE3-9EE6-4C34-96A1-E92AE661460A}
	EndGlobalSection
EndGlobal
